
Microsoft Visual Studio Solution File, Format Version 12.00
# Visual Studio Version 16
VisualStudioVersion = 16.0.31605.320
MinimumVisualStudioVersion = 10.0.40219.1
Project("{FAE04EC0-301F-11D3-BF4B-00C04F79EFBC}") = "matrixOperations", "matrixOperations\matrixOperations.csproj", "{349F9B90-1192-4381-889A-F46C6EA448CB}"
EndProject
Global
	GlobalSection(SolutionConfigurationPlatforms) = preSolution
		Debug|Any CPU = Debug|Any CPU
		Release|Any CPU = Release|Any CPU
	EndGlobalSection
	GlobalSection(ProjectConfigurationPlatforms) = postSolution
		{349F9B90-1192-4381-889A-F46C6EA448CB}.Debug|Any CPU.ActiveCfg = Debug|Any CPU
		{349F9B90-1192-4381-889A-F46C6EA448CB}.Debug|Any CPU.Build.0 = Debug|Any CPU
		{349F9B90-1192-4381-889A-F46C6EA448CB}.Release|Any CPU.ActiveCfg = Release|Any CPU
		{349F9B90-1192-4381-889A-F46C6EA448CB}.Release|Any CPU.Build.0 = Release|Any CPU
	EndGlobalSection
	GlobalSection(SolutionProperties) = preSolution
		HideSolutionNode = FALSE
	EndGlobalSection
	GlobalSection(ExtensibilityGlobals) = postSolution
		SolutionGuid = {A80DD41D-C83C-4B0B-9A0E-D871A61846E1}
	EndGlobalSection
EndGlobal
